
Microsoft Visual Studio Solution File, Format Version 12.00
# Visual Studio 14
VisualStudioVersion = 14.0.25123.0
MinimumVisualStudioVersion = 10.0.40219.1
Project("{FAE04EC0-301F-11D3-BF4B-00C04F79EFBC}") = "Metier", "ShipDesigner\Metier.csproj", "{67F9D3A8-F71E-4428-913F-C37AE82CDB24}"
EndProject
Project("{FAE04EC0-301F-11D3-BF4B-00C04F79EFBC}") = "gui.Droid", "gui\gui.Droid\gui.Droid.csproj", "{8E393292-A1CA-41A1-9BC0-749C5F290079}"
EndProject
Project("{FAE04EC0-301F-11D3-BF4B-00C04F79EFBC}") = "gui.iOS", "gui\gui.iOS\gui.iOS.csproj", "{C5F7626B-0CA4-427E-BB6C-01709EFD6F1E}"
EndProject
Project("{FAE04EC0-301F-11D3-BF4B-00C04F79EFBC}") = "gui.WinPhone", "gui\gui.WinPhone\gui.WinPhone.csproj", "{5DDE7487-1B8B-4F3C-9DDE-CB7D8B5B1104}"
EndProject
Project("{FAE04EC0-301F-11D3-BF4B-00C04F79EFBC}") = "gui.UWP", "gui\gui.UWP\gui.UWP.csproj", "{B18E0DD1-162E-4A06-831A-BBF6EEC24BF3}"
EndProject
Project("{FAE04EC0-301F-11D3-BF4B-00C04F79EFBC}") = "gui.Windows", "gui\gui.Windows\gui.Windows.csproj", "{841A9A17-DE33-4733-8D86-BEB89D6A80FA}"
EndProject
Project("{FAE04EC0-301F-11D3-BF4B-00C04F79EFBC}") = "gui", "gui\gui\gui.csproj", "{2B72349D-5428-4F52-A9A9-3115CA3B3A46}"
EndProject
Global
	GlobalSection(SolutionConfigurationPlatforms) = preSolution
		Ad-Hoc|Any CPU = Ad-Hoc|Any CPU
		Ad-Hoc|ARM = Ad-Hoc|ARM
		Ad-Hoc|iPhone = Ad-Hoc|iPhone
		Ad-Hoc|iPhoneSimulator = Ad-Hoc|iPhoneSimulator
		Ad-Hoc|x64 = Ad-Hoc|x64
		Ad-Hoc|x86 = Ad-Hoc|x86
		AppStore|Any CPU = AppStore|Any CPU
		AppStore|ARM = AppStore|ARM
		AppStore|iPhone = AppStore|iPhone
		AppStore|iPhoneSimulator = AppStore|iPhoneSimulator
		AppStore|x64 = AppStore|x64
		AppStore|x86 = AppStore|x86
		Debug|Any CPU = Debug|Any CPU
		Debug|ARM = Debug|ARM
		Debug|iPhone = Debug|iPhone
		Debug|iPhoneSimulator = Debug|iPhoneSimulator
		Debug|x64 = Debug|x64
		Debug|x86 = Debug|x86
		Release|Any CPU = Release|Any CPU
		Release|ARM = Release|ARM
		Release|iPhone = Release|iPhone
		Release|iPhoneSimulator = Release|iPhoneSimulator
		Release|x64 = Release|x64
		Release|x86 = Release|x86
	EndGlobalSection
	GlobalSection(ProjectConfigurationPlatforms) = postSolution
		{67F9D3A8-F71E-4428-913F-C37AE82CDB24}.Ad-Hoc|Any CPU.ActiveCfg = Release|Any CPU
		{67F9D3A8-F71E-4428-913F-C37AE82CDB24}.Ad-Hoc|Any CPU.Build.0 = Release|Any CPU
		{67F9D3A8-F71E-4428-913F-C37AE82CDB24}.Ad-Hoc|ARM.ActiveCfg = Release|Any CPU
		{67F9D3A8-F71E-4428-913F-C37AE82CDB24}.Ad-Hoc|ARM.Build.0 = Release|Any CPU
		{67F9D3A8-F71E-4428-913F-C37AE82CDB24}.Ad-Hoc|iPhone.ActiveCfg = Release|Any CPU
		{67F9D3A8-F71E-4428-913F-C37AE82CDB24}.Ad-Hoc|iPhone.Build.0 = Release|Any CPU
		{67F9D3A8-F71E-4428-913F-C37AE82CDB24}.Ad-Hoc|iPhoneSimulator.ActiveCfg = Release|Any CPU
		{67F9D3A8-F71E-4428-913F-C37AE82CDB24}.Ad-Hoc|iPhoneSimulator.Build.0 = Release|Any CPU
		{67F9D3A8-F71E-4428-913F-C37AE82CDB24}.Ad-Hoc|x64.ActiveCfg = Release|Any CPU
		{67F9D3A8-F71E-4428-913F-C37AE82CDB24}.Ad-Hoc|x64.Build.0 = Release|Any CPU
		{67F9D3A8-F71E-4428-913F-C37AE82CDB24}.Ad-Hoc|x86.ActiveCfg = Release|Any CPU
		{67F9D3A8-F71E-4428-913F-C37AE82CDB24}.Ad-Hoc|x86.Build.0 = Release|Any CPU
		{67F9D3A8-F71E-4428-913F-C37AE82CDB24}.AppStore|Any CPU.ActiveCfg = Release|Any CPU
		{67F9D3A8-F71E-4428-913F-C37AE82CDB24}.AppStore|Any CPU.Build.0 = Release|Any CPU
		{67F9D3A8-F71E-4428-913F-C37AE82CDB24}.AppStore|ARM.ActiveCfg = Release|Any CPU
		{67F9D3A8-F71E-4428-913F-C37AE82CDB24}.AppStore|ARM.Build.0 = Release|Any CPU
		{67F9D3A8-F71E-4428-913F-C37AE82CDB24}.AppStore|iPhone.ActiveCfg = Release|Any CPU
		{67F9D3A8-F71E-4428-913F-C37AE82CDB24}.AppStore|iPhone.Build.0 = Release|Any CPU
		{67F9D3A8-F71E-4428-913F-C37AE82CDB24}.AppStore|iPhoneSimulator.ActiveCfg = Release|Any CPU
		{67F9D3A8-F71E-4428-913F-C37AE82CDB24}.AppStore|iPhoneSimulator.Build.0 = Release|Any CPU
		{67F9D3A8-F71E-4428-913F-C37AE82CDB24}.AppStore|x64.ActiveCfg = Release|Any CPU
		{67F9D3A8-F71E-4428-913F-C37AE82CDB24}.AppStore|x64.Build.0 = Release|Any CPU
		{67F9D3A8-F71E-4428-913F-C37AE82CDB24}.AppStore|x86.ActiveCfg = Release|Any CPU
		{67F9D3A8-F71E-4428-913F-C37AE82CDB24}.AppStore|x86.Build.0 = Release|Any CPU
		{67F9D3A8-F71E-4428-913F-C37AE82CDB24}.Debug|Any CPU.ActiveCfg = Debug|Any CPU
		{67F9D3A8-F71E-4428-913F-C37AE82CDB24}.Debug|Any CPU.Build.0 = Debug|Any CPU
		{67F9D3A8-F71E-4428-913F-C37AE82CDB24}.Debug|ARM.ActiveCfg = Debug|Any CPU
		{67F9D3A8-F71E-4428-913F-C37AE82CDB24}.Debug|ARM.Build.0 = Debug|Any CPU
		{67F9D3A8-F71E-4428-913F-C37AE82CDB24}.Debug|iPhone.ActiveCfg = Debug|Any CPU
		{67F9D3A8-F71E-4428-913F-C37AE82CDB24}.Debug|iPhone.Build.0 = Debug|Any CPU
		{67F9D3A8-F71E-4428-913F-C37AE82CDB24}.Debug|iPhoneSimulator.ActiveCfg = Debug|Any CPU
		{67F9D3A8-F71E-4428-913F-C37AE82CDB24}.Debug|iPhoneSimulator.Build.0 = Debug|Any CPU
		{67F9D3A8-F71E-4428-913F-C37AE82CDB24}.Debug|x64.ActiveCfg = Debug|Any CPU
		{67F9D3A8-F71E-4428-913F-C37AE82CDB24}.Debug|x64.Build.0 = Debug|Any CPU
		{67F9D3A8-F71E-4428-913F-C37AE82CDB24}.Debug|x86.ActiveCfg = Debug|Any CPU
		{67F9D3A8-F71E-4428-913F-C37AE82CDB24}.Debug|x86.Build.0 = Debug|Any CPU
		{67F9D3A8-F71E-4428-913F-C37AE82CDB24}.Release|Any CPU.ActiveCfg = Release|Any CPU
		{67F9D3A8-F71E-4428-913F-C37AE82CDB24}.Release|Any CPU.Build.0 = Release|Any CPU
		{67F9D3A8-F71E-4428-913F-C37AE82CDB24}.Release|ARM.ActiveCfg = Release|Any CPU
		{67F9D3A8-F71E-4428-913F-C37AE82CDB24}.Release|ARM.Build.0 = Release|Any CPU
		{67F9D3A8-F71E-4428-913F-C37AE82CDB24}.Release|iPhone.ActiveCfg = Release|Any CPU
		{67F9D3A8-F71E-4428-913F-C37AE82CDB24}.Release|iPhone.Build.0 = Release|Any CPU
		{67F9D3A8-F71E-4428-913F-C37AE82CDB24}.Release|iPhoneSimulator.ActiveCfg = Release|Any CPU
		{67F9D3A8-F71E-4428-913F-C37AE82CDB24}.Release|iPhoneSimulator.Build.0 = Release|Any CPU
		{67F9D3A8-F71E-4428-913F-C37AE82CDB24}.Release|x64.ActiveCfg = Release|Any CPU
		{67F9D3A8-F71E-4428-913F-C37AE82CDB24}.Release|x64.Build.0 = Release|Any CPU
		{67F9D3A8-F71E-4428-913F-C37AE82CDB24}.Release|x86.ActiveCfg = Release|Any CPU
		{67F9D3A8-F71E-4428-913F-C37AE82CDB24}.Release|x86.Build.0 = Release|Any CPU
		{8E393292-A1CA-41A1-9BC0-749C5F290079}.Ad-Hoc|Any CPU.ActiveCfg = Release|Any CPU
		{8E393292-A1CA-41A1-9BC0-749C5F290079}.Ad-Hoc|Any CPU.Build.0 = Release|Any CPU
		{8E393292-A1CA-41A1-9BC0-749C5F290079}.Ad-Hoc|Any CPU.Deploy.0 = Release|Any CPU
		{8E393292-A1CA-41A1-9BC0-749C5F290079}.Ad-Hoc|ARM.ActiveCfg = Release|Any CPU
		{8E393292-A1CA-41A1-9BC0-749C5F290079}.Ad-Hoc|ARM.Build.0 = Release|Any CPU
		{8E393292-A1CA-41A1-9BC0-749C5F290079}.Ad-Hoc|ARM.Deploy.0 = Release|Any CPU
		{8E393292-A1CA-41A1-9BC0-749C5F290079}.Ad-Hoc|iPhone.ActiveCfg = Release|Any CPU
		{8E393292-A1CA-41A1-9BC0-749C5F290079}.Ad-Hoc|iPhone.Build.0 = Release|Any CPU
		{8E393292-A1CA-41A1-9BC0-749C5F290079}.Ad-Hoc|iPhone.Deploy.0 = Release|Any CPU
		{8E393292-A1CA-41A1-9BC0-749C5F290079}.Ad-Hoc|iPhoneSimulator.ActiveCfg = Release|Any CPU
		{8E393292-A1CA-41A1-9BC0-749C5F290079}.Ad-Hoc|iPhoneSimulator.Build.0 = Release|Any CPU
		{8E393292-A1CA-41A1-9BC0-749C5F290079}.Ad-Hoc|iPhoneSimulator.Deploy.0 = Release|Any CPU
		{8E393292-A1CA-41A1-9BC0-749C5F290079}.Ad-Hoc|x64.ActiveCfg = Release|Any CPU
		{8E393292-A1CA-41A1-9BC0-749C5F290079}.Ad-Hoc|x64.Build.0 = Release|Any CPU
		{8E393292-A1CA-41A1-9BC0-749C5F290079}.Ad-Hoc|x64.Deploy.0 = Release|Any CPU
		{8E393292-A1CA-41A1-9BC0-749C5F290079}.Ad-Hoc|x86.ActiveCfg = Release|Any CPU
		{8E393292-A1CA-41A1-9BC0-749C5F290079}.Ad-Hoc|x86.Build.0 = Release|Any CPU
		{8E393292-A1CA-41A1-9BC0-749C5F290079}.Ad-Hoc|x86.Deploy.0 = Release|Any CPU
		{8E393292-A1CA-41A1-9BC0-749C5F290079}.AppStore|Any CPU.ActiveCfg = Release|Any CPU
		{8E393292-A1CA-41A1-9BC0-749C5F290079}.AppStore|Any CPU.Build.0 = Release|Any CPU
		{8E393292-A1CA-41A1-9BC0-749C5F290079}.AppStore|Any CPU.Deploy.0 = Release|Any CPU
		{8E393292-A1CA-41A1-9BC0-749C5F290079}.AppStore|ARM.ActiveCfg = Release|Any CPU
		{8E393292-A1CA-41A1-9BC0-749C5F290079}.AppStore|ARM.Build.0 = Release|Any CPU
		{8E393292-A1CA-41A1-9BC0-749C5F290079}.AppStore|ARM.Deploy.0 = Release|Any CPU
		{8E393292-A1CA-41A1-9BC0-749C5F290079}.AppStore|iPhone.ActiveCfg = Release|Any CPU
		{8E393292-A1CA-41A1-9BC0-749C5F290079}.AppStore|iPhone.Build.0 = Release|Any CPU
		{8E393292-A1CA-41A1-9BC0-749C5F290079}.AppStore|iPhone.Deploy.0 = Release|Any CPU
		{8E393292-A1CA-41A1-9BC0-749C5F290079}.AppStore|iPhoneSimulator.ActiveCfg = Release|Any CPU
		{8E393292-A1CA-41A1-9BC0-749C5F290079}.AppStore|iPhoneSimulator.Build.0 = Release|Any CPU
		{8E393292-A1CA-41A1-9BC0-749C5F290079}.AppStore|iPhoneSimulator.Deploy.0 = Release|Any CPU
		{8E393292-A1CA-41A1-9BC0-749C5F290079}.AppStore|x64.ActiveCfg = Release|Any CPU
		{8E393292-A1CA-41A1-9BC0-749C5F290079}.AppStore|x64.Build.0 = Release|Any CPU
		{8E393292-A1CA-41A1-9BC0-749C5F290079}.AppStore|x64.Deploy.0 = Release|Any CPU
		{8E393292-A1CA-41A1-9BC0-749C5F290079}.AppStore|x86.ActiveCfg = Release|Any CPU
		{8E393292-A1CA-41A1-9BC0-749C5F290079}.AppStore|x86.Build.0 = Release|Any CPU
		{8E393292-A1CA-41A1-9BC0-749C5F290079}.AppStore|x86.Deploy.0 = Release|Any CPU
		{8E393292-A1CA-41A1-9BC0-749C5F290079}.Debug|Any CPU.ActiveCfg = Debug|Any CPU
		{8E393292-A1CA-41A1-9BC0-749C5F290079}.Debug|Any CPU.Build.0 = Debug|Any CPU
		{8E393292-A1CA-41A1-9BC0-749C5F290079}.Debug|Any CPU.Deploy.0 = Debug|Any CPU
		{8E393292-A1CA-41A1-9BC0-749C5F290079}.Debug|ARM.ActiveCfg = Debug|Any CPU
		{8E393292-A1CA-41A1-9BC0-749C5F290079}.Debug|ARM.Build.0 = Debug|Any CPU
		{8E393292-A1CA-41A1-9BC0-749C5F290079}.Debug|ARM.Deploy.0 = Debug|Any CPU
		{8E393292-A1CA-41A1-9BC0-749C5F290079}.Debug|iPhone.ActiveCfg = Debug|Any CPU
		{8E393292-A1CA-41A1-9BC0-749C5F290079}.Debug|iPhone.Build.0 = Debug|Any CPU
		{8E393292-A1CA-41A1-9BC0-749C5F290079}.Debug|iPhone.Deploy.0 = Debug|Any CPU
		{8E393292-A1CA-41A1-9BC0-749C5F290079}.Debug|iPhoneSimulator.ActiveCfg = Debug|Any CPU
		{8E393292-A1CA-41A1-9BC0-749C5F290079}.Debug|iPhoneSimulator.Build.0 = Debug|Any CPU
		{8E393292-A1CA-41A1-9BC0-749C5F290079}.Debug|iPhoneSimulator.Deploy.0 = Debug|Any CPU
		{8E393292-A1CA-41A1-9BC0-749C5F290079}.Debug|x64.ActiveCfg = Debug|Any CPU
		{8E393292-A1CA-41A1-9BC0-749C5F290079}.Debug|x64.Build.0 = Debug|Any CPU
		{8E393292-A1CA-41A1-9BC0-749C5F290079}.Debug|x64.Deploy.0 = Debug|Any CPU
		{8E393292-A1CA-41A1-9BC0-749C5F290079}.Debug|x86.ActiveCfg = Debug|Any CPU
		{8E393292-A1CA-41A1-9BC0-749C5F290079}.Debug|x86.Build.0 = Debug|Any CPU
		{8E393292-A1CA-41A1-9BC0-749C5F290079}.Debug|x86.Deploy.0 = Debug|Any CPU
		{8E393292-A1CA-41A1-9BC0-749C5F290079}.Release|Any CPU.ActiveCfg = Release|Any CPU
		{8E393292-A1CA-41A1-9BC0-749C5F290079}.Release|Any CPU.Build.0 = Release|Any CPU
		{8E393292-A1CA-41A1-9BC0-749C5F290079}.Release|Any CPU.Deploy.0 = Release|Any CPU
		{8E393292-A1CA-41A1-9BC0-749C5F290079}.Release|ARM.ActiveCfg = Release|Any CPU
		{8E393292-A1CA-41A1-9BC0-749C5F290079}.Release|ARM.Build.0 = Release|Any CPU
		{8E393292-A1CA-41A1-9BC0-749C5F290079}.Release|ARM.Deploy.0 = Release|Any CPU
		{8E393292-A1CA-41A1-9BC0-749C5F290079}.Release|iPhone.ActiveCfg = Release|Any CPU
		{8E393292-A1CA-41A1-9BC0-749C5F290079}.Release|iPhone.Build.0 = Release|Any CPU
		{8E393292-A1CA-41A1-9BC0-749C5F290079}.Release|iPhone.Deploy.0 = Release|Any CPU
		{8E393292-A1CA-41A1-9BC0-749C5F290079}.Release|iPhoneSimulator.ActiveCfg = Release|Any CPU
		{8E393292-A1CA-41A1-9BC0-749C5F290079}.Release|iPhoneSimulator.Build.0 = Release|Any CPU
		{8E393292-A1CA-41A1-9BC0-749C5F290079}.Release|iPhoneSimulator.Deploy.0 = Release|Any CPU
		{8E393292-A1CA-41A1-9BC0-749C5F290079}.Release|x64.ActiveCfg = Release|Any CPU
		{8E393292-A1CA-41A1-9BC0-749C5F290079}.Release|x64.Build.0 = Release|Any CPU
		{8E393292-A1CA-41A1-9BC0-749C5F290079}.Release|x64.Deploy.0 = Release|Any CPU
		{8E393292-A1CA-41A1-9BC0-749C5F290079}.Release|x86.ActiveCfg = Release|Any CPU
		{8E393292-A1CA-41A1-9BC0-749C5F290079}.Release|x86.Build.0 = Release|Any CPU
		{8E393292-A1CA-41A1-9BC0-749C5F290079}.Release|x86.Deploy.0 = Release|Any CPU
		{C5F7626B-0CA4-427E-BB6C-01709EFD6F1E}.Ad-Hoc|Any CPU.ActiveCfg = Ad-Hoc|iPhone
		{C5F7626B-0CA4-427E-BB6C-01709EFD6F1E}.Ad-Hoc|ARM.ActiveCfg = Ad-Hoc|iPhone
		{C5F7626B-0CA4-427E-BB6C-01709EFD6F1E}.Ad-Hoc|iPhone.ActiveCfg = Ad-Hoc|iPhone
		{C5F7626B-0CA4-427E-BB6C-01709EFD6F1E}.Ad-Hoc|iPhone.Build.0 = Ad-Hoc|iPhone
		{C5F7626B-0CA4-427E-BB6C-01709EFD6F1E}.Ad-Hoc|iPhoneSimulator.ActiveCfg = Ad-Hoc|iPhoneSimulator
		{C5F7626B-0CA4-427E-BB6C-01709EFD6F1E}.Ad-Hoc|iPhoneSimulator.Build.0 = Ad-Hoc|iPhoneSimulator
		{C5F7626B-0CA4-427E-BB6C-01709EFD6F1E}.Ad-Hoc|x64.ActiveCfg = Ad-Hoc|iPhone
		{C5F7626B-0CA4-427E-BB6C-01709EFD6F1E}.Ad-Hoc|x86.ActiveCfg = Ad-Hoc|iPhone
		{C5F7626B-0CA4-427E-BB6C-01709EFD6F1E}.AppStore|Any CPU.ActiveCfg = AppStore|iPhone
		{C5F7626B-0CA4-427E-BB6C-01709EFD6F1E}.AppStore|ARM.ActiveCfg = AppStore|iPhone
		{C5F7626B-0CA4-427E-BB6C-01709EFD6F1E}.AppStore|iPhone.ActiveCfg = AppStore|iPhone
		{C5F7626B-0CA4-427E-BB6C-01709EFD6F1E}.AppStore|iPhone.Build.0 = AppStore|iPhone
		{C5F7626B-0CA4-427E-BB6C-01709EFD6F1E}.AppStore|iPhoneSimulator.ActiveCfg = AppStore|iPhoneSimulator
		{C5F7626B-0CA4-427E-BB6C-01709EFD6F1E}.AppStore|iPhoneSimulator.Build.0 = AppStore|iPhoneSimulator
		{C5F7626B-0CA4-427E-BB6C-01709EFD6F1E}.AppStore|x64.ActiveCfg = AppStore|iPhone
		{C5F7626B-0CA4-427E-BB6C-01709EFD6F1E}.AppStore|x86.ActiveCfg = AppStore|iPhone
		{C5F7626B-0CA4-427E-BB6C-01709EFD6F1E}.Debug|Any CPU.ActiveCfg = Debug|iPhone
		{C5F7626B-0CA4-427E-BB6C-01709EFD6F1E}.Debug|ARM.ActiveCfg = Debug|iPhone
		{C5F7626B-0CA4-427E-BB6C-01709EFD6F1E}.Debug|iPhone.ActiveCfg = Debug|iPhone
		{C5F7626B-0CA4-427E-BB6C-01709EFD6F1E}.Debug|iPhone.Build.0 = Debug|iPhone
		{C5F7626B-0CA4-427E-BB6C-01709EFD6F1E}.Debug|iPhoneSimulator.ActiveCfg = Debug|iPhoneSimulator
		{C5F7626B-0CA4-427E-BB6C-01709EFD6F1E}.Debug|iPhoneSimulator.Build.0 = Debug|iPhoneSimulator
		{C5F7626B-0CA4-427E-BB6C-01709EFD6F1E}.Debug|x64.ActiveCfg = Debug|iPhone
		{C5F7626B-0CA4-427E-BB6C-01709EFD6F1E}.Debug|x86.ActiveCfg = Debug|iPhone
		{C5F7626B-0CA4-427E-BB6C-01709EFD6F1E}.Release|Any CPU.ActiveCfg = Release|iPhone
		{C5F7626B-0CA4-427E-BB6C-01709EFD6F1E}.Release|ARM.ActiveCfg = Release|iPhone
		{C5F7626B-0CA4-427E-BB6C-01709EFD6F1E}.Release|iPhone.ActiveCfg = Release|iPhone
		{C5F7626B-0CA4-427E-BB6C-01709EFD6F1E}.Release|iPhone.Build.0 = Release|iPhone
		{C5F7626B-0CA4-427E-BB6C-01709EFD6F1E}.Release|iPhoneSimulator.ActiveCfg = Release|iPhoneSimulator
		{C5F7626B-0CA4-427E-BB6C-01709EFD6F1E}.Release|iPhoneSimulator.Build.0 = Release|iPhoneSimulator
		{C5F7626B-0CA4-427E-BB6C-01709EFD6F1E}.Release|x64.ActiveCfg = Release|iPhone
		{C5F7626B-0CA4-427E-BB6C-01709EFD6F1E}.Release|x86.ActiveCfg = Release|iPhone
		{5DDE7487-1B8B-4F3C-9DDE-CB7D8B5B1104}.Ad-Hoc|Any CPU.ActiveCfg = Release|Any CPU
		{5DDE7487-1B8B-4F3C-9DDE-CB7D8B5B1104}.Ad-Hoc|Any CPU.Build.0 = Release|Any CPU
		{5DDE7487-1B8B-4F3C-9DDE-CB7D8B5B1104}.Ad-Hoc|Any CPU.Deploy.0 = Release|Any CPU
		{5DDE7487-1B8B-4F3C-9DDE-CB7D8B5B1104}.Ad-Hoc|ARM.ActiveCfg = Release|ARM
		{5DDE7487-1B8B-4F3C-9DDE-CB7D8B5B1104}.Ad-Hoc|ARM.Build.0 = Release|ARM
		{5DDE7487-1B8B-4F3C-9DDE-CB7D8B5B1104}.Ad-Hoc|ARM.Deploy.0 = Release|ARM
		{5DDE7487-1B8B-4F3C-9DDE-CB7D8B5B1104}.Ad-Hoc|iPhone.ActiveCfg = Release|Any CPU
		{5DDE7487-1B8B-4F3C-9DDE-CB7D8B5B1104}.Ad-Hoc|iPhone.Build.0 = Release|Any CPU
		{5DDE7487-1B8B-4F3C-9DDE-CB7D8B5B1104}.Ad-Hoc|iPhone.Deploy.0 = Release|Any CPU
		{5DDE7487-1B8B-4F3C-9DDE-CB7D8B5B1104}.Ad-Hoc|iPhoneSimulator.ActiveCfg = Release|Any CPU
		{5DDE7487-1B8B-4F3C-9DDE-CB7D8B5B1104}.Ad-Hoc|iPhoneSimulator.Build.0 = Release|Any CPU
		{5DDE7487-1B8B-4F3C-9DDE-CB7D8B5B1104}.Ad-Hoc|iPhoneSimulator.Deploy.0 = Release|Any CPU
		{5DDE7487-1B8B-4F3C-9DDE-CB7D8B5B1104}.Ad-Hoc|x64.ActiveCfg = Release|Any CPU
		{5DDE7487-1B8B-4F3C-9DDE-CB7D8B5B1104}.Ad-Hoc|x64.Build.0 = Release|Any CPU
		{5DDE7487-1B8B-4F3C-9DDE-CB7D8B5B1104}.Ad-Hoc|x64.Deploy.0 = Release|Any CPU
		{5DDE7487-1B8B-4F3C-9DDE-CB7D8B5B1104}.Ad-Hoc|x86.ActiveCfg = Release|x86
		{5DDE7487-1B8B-4F3C-9DDE-CB7D8B5B1104}.Ad-Hoc|x86.Build.0 = Release|x86
		{5DDE7487-1B8B-4F3C-9DDE-CB7D8B5B1104}.Ad-Hoc|x86.Deploy.0 = Release|x86
		{5DDE7487-1B8B-4F3C-9DDE-CB7D8B5B1104}.AppStore|Any CPU.ActiveCfg = Release|Any CPU
		{5DDE7487-1B8B-4F3C-9DDE-CB7D8B5B1104}.AppStore|Any CPU.Build.0 = Release|Any CPU
		{5DDE7487-1B8B-4F3C-9DDE-CB7D8B5B1104}.AppStore|Any CPU.Deploy.0 = Release|Any CPU
		{5DDE7487-1B8B-4F3C-9DDE-CB7D8B5B1104}.AppStore|ARM.ActiveCfg = Release|ARM
		{5DDE7487-1B8B-4F3C-9DDE-CB7D8B5B1104}.AppStore|ARM.Build.0 = Release|ARM
		{5DDE7487-1B8B-4F3C-9DDE-CB7D8B5B1104}.AppStore|ARM.Deploy.0 = Release|ARM
		{5DDE7487-1B8B-4F3C-9DDE-CB7D8B5B1104}.AppStore|iPhone.ActiveCfg = Release|Any CPU
		{5DDE7487-1B8B-4F3C-9DDE-CB7D8B5B1104}.AppStore|iPhone.Build.0 = Release|Any CPU
		{5DDE7487-1B8B-4F3C-9DDE-CB7D8B5B1104}.AppStore|iPhone.Deploy.0 = Release|Any CPU
		{5DDE7487-1B8B-4F3C-9DDE-CB7D8B5B1104}.AppStore|iPhoneSimulator.ActiveCfg = Release|Any CPU
		{5DDE7487-1B8B-4F3C-9DDE-CB7D8B5B1104}.AppStore|iPhoneSimulator.Build.0 = Release|Any CPU
		{5DDE7487-1B8B-4F3C-9DDE-CB7D8B5B1104}.AppStore|iPhoneSimulator.Deploy.0 = Release|Any CPU
		{5DDE7487-1B8B-4F3C-9DDE-CB7D8B5B1104}.AppStore|x64.ActiveCfg = Release|Any CPU
		{5DDE7487-1B8B-4F3C-9DDE-CB7D8B5B1104}.AppStore|x64.Build.0 = Release|Any CPU
		{5DDE7487-1B8B-4F3C-9DDE-CB7D8B5B1104}.AppStore|x64.Deploy.0 = Release|Any CPU
		{5DDE7487-1B8B-4F3C-9DDE-CB7D8B5B1104}.AppStore|x86.ActiveCfg = Release|x86
		{5DDE7487-1B8B-4F3C-9DDE-CB7D8B5B1104}.AppStore|x86.Build.0 = Release|x86
		{5DDE7487-1B8B-4F3C-9DDE-CB7D8B5B1104}.AppStore|x86.Deploy.0 = Release|x86
		{5DDE7487-1B8B-4F3C-9DDE-CB7D8B5B1104}.Debug|Any CPU.ActiveCfg = Debug|Any CPU
		{5DDE7487-1B8B-4F3C-9DDE-CB7D8B5B1104}.Debug|Any CPU.Build.0 = Debug|Any CPU
		{5DDE7487-1B8B-4F3C-9DDE-CB7D8B5B1104}.Debug|Any CPU.Deploy.0 = Debug|Any CPU
		{5DDE7487-1B8B-4F3C-9DDE-CB7D8B5B1104}.Debug|ARM.ActiveCfg = Debug|ARM
		{5DDE7487-1B8B-4F3C-9DDE-CB7D8B5B1104}.Debug|ARM.Build.0 = Debug|ARM
		{5DDE7487-1B8B-4F3C-9DDE-CB7D8B5B1104}.Debug|ARM.Deploy.0 = Debug|ARM
		{5DDE7487-1B8B-4F3C-9DDE-CB7D8B5B1104}.Debug|iPhone.ActiveCfg = Debug|Any CPU
		{5DDE7487-1B8B-4F3C-9DDE-CB7D8B5B1104}.Debug|iPhone.Build.0 = Debug|Any CPU
		{5DDE7487-1B8B-4F3C-9DDE-CB7D8B5B1104}.Debug|iPhone.Deploy.0 = Debug|Any CPU
		{5DDE7487-1B8B-4F3C-9DDE-CB7D8B5B1104}.Debug|iPhoneSimulator.ActiveCfg = Debug|Any CPU
		{5DDE7487-1B8B-4F3C-9DDE-CB7D8B5B1104}.Debug|iPhoneSimulator.Build.0 = Debug|Any CPU
		{5DDE7487-1B8B-4F3C-9DDE-CB7D8B5B1104}.Debug|iPhoneSimulator.Deploy.0 = Debug|Any CPU
		{5DDE7487-1B8B-4F3C-9DDE-CB7D8B5B1104}.Debug|x64.ActiveCfg = Debug|Any CPU
		{5DDE7487-1B8B-4F3C-9DDE-CB7D8B5B1104}.Debug|x64.Build.0 = Debug|Any CPU
		{5DDE7487-1B8B-4F3C-9DDE-CB7D8B5B1104}.Debug|x64.Deploy.0 = Debug|Any CPU
		{5DDE7487-1B8B-4F3C-9DDE-CB7D8B5B1104}.Debug|x86.ActiveCfg = Debug|x86
		{5DDE7487-1B8B-4F3C-9DDE-CB7D8B5B1104}.Debug|x86.Build.0 = Debug|x86
		{5DDE7487-1B8B-4F3C-9DDE-CB7D8B5B1104}.Debug|x86.Deploy.0 = Debug|x86
		{5DDE7487-1B8B-4F3C-9DDE-CB7D8B5B1104}.Release|Any CPU.ActiveCfg = Release|Any CPU
		{5DDE7487-1B8B-4F3C-9DDE-CB7D8B5B1104}.Release|Any CPU.Build.0 = Release|Any CPU
		{5DDE7487-1B8B-4F3C-9DDE-CB7D8B5B1104}.Release|Any CPU.Deploy.0 = Release|Any CPU
		{5DDE7487-1B8B-4F3C-9DDE-CB7D8B5B1104}.Release|ARM.ActiveCfg = Release|ARM
		{5DDE7487-1B8B-4F3C-9DDE-CB7D8B5B1104}.Release|ARM.Build.0 = Release|ARM
		{5DDE7487-1B8B-4F3C-9DDE-CB7D8B5B1104}.Release|ARM.Deploy.0 = Release|ARM
		{5DDE7487-1B8B-4F3C-9DDE-CB7D8B5B1104}.Release|iPhone.ActiveCfg = Release|Any CPU
		{5DDE7487-1B8B-4F3C-9DDE-CB7D8B5B1104}.Release|iPhone.Build.0 = Release|Any CPU
		{5DDE7487-1B8B-4F3C-9DDE-CB7D8B5B1104}.Release|iPhone.Deploy.0 = Release|Any CPU
		{5DDE7487-1B8B-4F3C-9DDE-CB7D8B5B1104}.Release|iPhoneSimulator.ActiveCfg = Release|Any CPU
		{5DDE7487-1B8B-4F3C-9DDE-CB7D8B5B1104}.Release|iPhoneSimulator.Build.0 = Release|Any CPU
		{5DDE7487-1B8B-4F3C-9DDE-CB7D8B5B1104}.Release|iPhoneSimulator.Deploy.0 = Release|Any CPU
		{5DDE7487-1B8B-4F3C-9DDE-CB7D8B5B1104}.Release|x64.ActiveCfg = Release|Any CPU
		{5DDE7487-1B8B-4F3C-9DDE-CB7D8B5B1104}.Release|x64.Build.0 = Release|Any CPU
		{5DDE7487-1B8B-4F3C-9DDE-CB7D8B5B1104}.Release|x64.Deploy.0 = Release|Any CPU
		{5DDE7487-1B8B-4F3C-9DDE-CB7D8B5B1104}.Release|x86.ActiveCfg = Release|x86
		{5DDE7487-1B8B-4F3C-9DDE-CB7D8B5B1104}.Release|x86.Build.0 = Release|x86
		{5DDE7487-1B8B-4F3C-9DDE-CB7D8B5B1104}.Release|x86.Deploy.0 = Release|x86
		{B18E0DD1-162E-4A06-831A-BBF6EEC24BF3}.Ad-Hoc|Any CPU.ActiveCfg = Release|x86
		{B18E0DD1-162E-4A06-831A-BBF6EEC24BF3}.Ad-Hoc|Any CPU.Build.0 = Release|x86
		{B18E0DD1-162E-4A06-831A-BBF6EEC24BF3}.Ad-Hoc|Any CPU.Deploy.0 = Release|x86
		{B18E0DD1-162E-4A06-831A-BBF6EEC24BF3}.Ad-Hoc|ARM.ActiveCfg = Release|ARM
		{B18E0DD1-162E-4A06-831A-BBF6EEC24BF3}.Ad-Hoc|ARM.Build.0 = Release|ARM
		{B18E0DD1-162E-4A06-831A-BBF6EEC24BF3}.Ad-Hoc|ARM.Deploy.0 = Release|ARM
		{B18E0DD1-162E-4A06-831A-BBF6EEC24BF3}.Ad-Hoc|iPhone.ActiveCfg = Release|x86
		{B18E0DD1-162E-4A06-831A-BBF6EEC24BF3}.Ad-Hoc|iPhone.Build.0 = Release|x86
		{B18E0DD1-162E-4A06-831A-BBF6EEC24BF3}.Ad-Hoc|iPhone.Deploy.0 = Release|x86
		{B18E0DD1-162E-4A06-831A-BBF6EEC24BF3}.Ad-Hoc|iPhoneSimulator.ActiveCfg = Release|x86
		{B18E0DD1-162E-4A06-831A-BBF6EEC24BF3}.Ad-Hoc|iPhoneSimulator.Build.0 = Release|x86
		{B18E0DD1-162E-4A06-831A-BBF6EEC24BF3}.Ad-Hoc|iPhoneSimulator.Deploy.0 = Release|x86
		{B18E0DD1-162E-4A06-831A-BBF6EEC24BF3}.Ad-Hoc|x64.ActiveCfg = Release|x64
		{B18E0DD1-162E-4A06-831A-BBF6EEC24BF3}.Ad-Hoc|x64.Build.0 = Release|x64
		{B18E0DD1-162E-4A06-831A-BBF6EEC24BF3}.Ad-Hoc|x64.Deploy.0 = Release|x64
		{B18E0DD1-162E-4A06-831A-BBF6EEC24BF3}.Ad-Hoc|x86.ActiveCfg = Release|x86
		{B18E0DD1-162E-4A06-831A-BBF6EEC24BF3}.Ad-Hoc|x86.Build.0 = Release|x86
		{B18E0DD1-162E-4A06-831A-BBF6EEC24BF3}.Ad-Hoc|x86.Deploy.0 = Release|x86
		{B18E0DD1-162E-4A06-831A-BBF6EEC24BF3}.AppStore|Any CPU.ActiveCfg = Release|x86
		{B18E0DD1-162E-4A06-831A-BBF6EEC24BF3}.AppStore|Any CPU.Build.0 = Release|x86
		{B18E0DD1-162E-4A06-831A-BBF6EEC24BF3}.AppStore|Any CPU.Deploy.0 = Release|x86
		{B18E0DD1-162E-4A06-831A-BBF6EEC24BF3}.AppStore|ARM.ActiveCfg = Release|ARM
		{B18E0DD1-162E-4A06-831A-BBF6EEC24BF3}.AppStore|ARM.Build.0 = Release|ARM
		{B18E0DD1-162E-4A06-831A-BBF6EEC24BF3}.AppStore|ARM.Deploy.0 = Release|ARM
		{B18E0DD1-162E-4A06-831A-BBF6EEC24BF3}.AppStore|iPhone.ActiveCfg = Release|x86
		{B18E0DD1-162E-4A06-831A-BBF6EEC24BF3}.AppStore|iPhone.Build.0 = Release|x86
		{B18E0DD1-162E-4A06-831A-BBF6EEC24BF3}.AppStore|iPhone.Deploy.0 = Release|x86
		{B18E0DD1-162E-4A06-831A-BBF6EEC24BF3}.AppStore|iPhoneSimulator.ActiveCfg = Release|x86
		{B18E0DD1-162E-4A06-831A-BBF6EEC24BF3}.AppStore|iPhoneSimulator.Build.0 = Release|x86
		{B18E0DD1-162E-4A06-831A-BBF6EEC24BF3}.AppStore|iPhoneSimulator.Deploy.0 = Release|x86
		{B18E0DD1-162E-4A06-831A-BBF6EEC24BF3}.AppStore|x64.ActiveCfg = Release|x64
		{B18E0DD1-162E-4A06-831A-BBF6EEC24BF3}.AppStore|x64.Build.0 = Release|x64
		{B18E0DD1-162E-4A06-831A-BBF6EEC24BF3}.AppStore|x64.Deploy.0 = Release|x64
		{B18E0DD1-162E-4A06-831A-BBF6EEC24BF3}.AppStore|x86.ActiveCfg = Release|x86
		{B18E0DD1-162E-4A06-831A-BBF6EEC24BF3}.AppStore|x86.Build.0 = Release|x86
		{B18E0DD1-162E-4A06-831A-BBF6EEC24BF3}.AppStore|x86.Deploy.0 = Release|x86
		{B18E0DD1-162E-4A06-831A-BBF6EEC24BF3}.Debug|Any CPU.ActiveCfg = Debug|x86
		{B18E0DD1-162E-4A06-831A-BBF6EEC24BF3}.Debug|ARM.ActiveCfg = Debug|ARM
		{B18E0DD1-162E-4A06-831A-BBF6EEC24BF3}.Debug|ARM.Build.0 = Debug|ARM
		{B18E0DD1-162E-4A06-831A-BBF6EEC24BF3}.Debug|ARM.Deploy.0 = Debug|ARM
		{B18E0DD1-162E-4A06-831A-BBF6EEC24BF3}.Debug|iPhone.ActiveCfg = Debug|x86
		{B18E0DD1-162E-4A06-831A-BBF6EEC24BF3}.Debug|iPhoneSimulator.ActiveCfg = Debug|x86
		{B18E0DD1-162E-4A06-831A-BBF6EEC24BF3}.Debug|x64.ActiveCfg = Debug|x64
		{B18E0DD1-162E-4A06-831A-BBF6EEC24BF3}.Debug|x64.Build.0 = Debug|x64
		{B18E0DD1-162E-4A06-831A-BBF6EEC24BF3}.Debug|x64.Deploy.0 = Debug|x64
		{B18E0DD1-162E-4A06-831A-BBF6EEC24BF3}.Debug|x86.ActiveCfg = Debug|x86
		{B18E0DD1-162E-4A06-831A-BBF6EEC24BF3}.Debug|x86.Build.0 = Debug|x86
		{B18E0DD1-162E-4A06-831A-BBF6EEC24BF3}.Debug|x86.Deploy.0 = Debug|x86
		{B18E0DD1-162E-4A06-831A-BBF6EEC24BF3}.Release|Any CPU.ActiveCfg = Release|x86
		{B18E0DD1-162E-4A06-831A-BBF6EEC24BF3}.Release|ARM.ActiveCfg = Release|ARM
		{B18E0DD1-162E-4A06-831A-BBF6EEC24BF3}.Release|ARM.Build.0 = Release|ARM
		{B18E0DD1-162E-4A06-831A-BBF6EEC24BF3}.Release|ARM.Deploy.0 = Release|ARM
		{B18E0DD1-162E-4A06-831A-BBF6EEC24BF3}.Release|iPhone.ActiveCfg = Release|x86
		{B18E0DD1-162E-4A06-831A-BBF6EEC24BF3}.Release|iPhoneSimulator.ActiveCfg = Release|x86
		{B18E0DD1-162E-4A06-831A-BBF6EEC24BF3}.Release|x64.ActiveCfg = Release|x64
		{B18E0DD1-162E-4A06-831A-BBF6EEC24BF3}.Release|x64.Build.0 = Release|x64
		{B18E0DD1-162E-4A06-831A-BBF6EEC24BF3}.Release|x64.Deploy.0 = Release|x64
		{B18E0DD1-162E-4A06-831A-BBF6EEC24BF3}.Release|x86.ActiveCfg = Release|x86
		{B18E0DD1-162E-4A06-831A-BBF6EEC24BF3}.Release|x86.Build.0 = Release|x86
		{B18E0DD1-162E-4A06-831A-BBF6EEC24BF3}.Release|x86.Deploy.0 = Release|x86
		{841A9A17-DE33-4733-8D86-BEB89D6A80FA}.Ad-Hoc|Any CPU.ActiveCfg = Release|Any CPU
		{841A9A17-DE33-4733-8D86-BEB89D6A80FA}.Ad-Hoc|Any CPU.Build.0 = Release|Any CPU
		{841A9A17-DE33-4733-8D86-BEB89D6A80FA}.Ad-Hoc|Any CPU.Deploy.0 = Release|Any CPU
		{841A9A17-DE33-4733-8D86-BEB89D6A80FA}.Ad-Hoc|ARM.ActiveCfg = Release|ARM
		{841A9A17-DE33-4733-8D86-BEB89D6A80FA}.Ad-Hoc|ARM.Build.0 = Release|ARM
		{841A9A17-DE33-4733-8D86-BEB89D6A80FA}.Ad-Hoc|ARM.Deploy.0 = Release|ARM
		{841A9A17-DE33-4733-8D86-BEB89D6A80FA}.Ad-Hoc|iPhone.ActiveCfg = Release|Any CPU
		{841A9A17-DE33-4733-8D86-BEB89D6A80FA}.Ad-Hoc|iPhone.Build.0 = Release|Any CPU
		{841A9A17-DE33-4733-8D86-BEB89D6A80FA}.Ad-Hoc|iPhone.Deploy.0 = Release|Any CPU
		{841A9A17-DE33-4733-8D86-BEB89D6A80FA}.Ad-Hoc|iPhoneSimulator.ActiveCfg = Release|Any CPU
		{841A9A17-DE33-4733-8D86-BEB89D6A80FA}.Ad-Hoc|iPhoneSimulator.Build.0 = Release|Any CPU
		{841A9A17-DE33-4733-8D86-BEB89D6A80FA}.Ad-Hoc|iPhoneSimulator.Deploy.0 = Release|Any CPU
		{841A9A17-DE33-4733-8D86-BEB89D6A80FA}.Ad-Hoc|x64.ActiveCfg = Release|x64
		{841A9A17-DE33-4733-8D86-BEB89D6A80FA}.Ad-Hoc|x64.Build.0 = Release|x64
		{841A9A17-DE33-4733-8D86-BEB89D6A80FA}.Ad-Hoc|x64.Deploy.0 = Release|x64
		{841A9A17-DE33-4733-8D86-BEB89D6A80FA}.Ad-Hoc|x86.ActiveCfg = Release|x86
		{841A9A17-DE33-4733-8D86-BEB89D6A80FA}.Ad-Hoc|x86.Build.0 = Release|x86
		{841A9A17-DE33-4733-8D86-BEB89D6A80FA}.Ad-Hoc|x86.Deploy.0 = Release|x86
		{841A9A17-DE33-4733-8D86-BEB89D6A80FA}.AppStore|Any CPU.ActiveCfg = Release|Any CPU
		{841A9A17-DE33-4733-8D86-BEB89D6A80FA}.AppStore|Any CPU.Build.0 = Release|Any CPU
		{841A9A17-DE33-4733-8D86-BEB89D6A80FA}.AppStore|Any CPU.Deploy.0 = Release|Any CPU
		{841A9A17-DE33-4733-8D86-BEB89D6A80FA}.AppStore|ARM.ActiveCfg = Release|ARM
		{841A9A17-DE33-4733-8D86-BEB89D6A80FA}.AppStore|ARM.Build.0 = Release|ARM
		{841A9A17-DE33-4733-8D86-BEB89D6A80FA}.AppStore|ARM.Deploy.0 = Release|ARM
		{841A9A17-DE33-4733-8D86-BEB89D6A80FA}.AppStore|iPhone.ActiveCfg = Release|Any CPU
		{841A9A17-DE33-4733-8D86-BEB89D6A80FA}.AppStore|iPhone.Build.0 = Release|Any CPU
		{841A9A17-DE33-4733-8D86-BEB89D6A80FA}.AppStore|iPhone.Deploy.0 = Release|Any CPU
		{841A9A17-DE33-4733-8D86-BEB89D6A80FA}.AppStore|iPhoneSimulator.ActiveCfg = Release|Any CPU
		{841A9A17-DE33-4733-8D86-BEB89D6A80FA}.AppStore|iPhoneSimulator.Build.0 = Release|Any CPU
		{841A9A17-DE33-4733-8D86-BEB89D6A80FA}.AppStore|iPhoneSimulator.Deploy.0 = Release|Any CPU
		{841A9A17-DE33-4733-8D86-BEB89D6A80FA}.AppStore|x64.ActiveCfg = Release|x64
		{841A9A17-DE33-4733-8D86-BEB89D6A80FA}.AppStore|x64.Build.0 = Release|x64
		{841A9A17-DE33-4733-8D86-BEB89D6A80FA}.AppStore|x64.Deploy.0 = Release|x64
		{841A9A17-DE33-4733-8D86-BEB89D6A80FA}.AppStore|x86.ActiveCfg = Release|x86
		{841A9A17-DE33-4733-8D86-BEB89D6A80FA}.AppStore|x86.Build.0 = Release|x86
		{841A9A17-DE33-4733-8D86-BEB89D6A80FA}.AppStore|x86.Deploy.0 = Release|x86
		{841A9A17-DE33-4733-8D86-BEB89D6A80FA}.Debug|Any CPU.ActiveCfg = Debug|Any CPU
		{841A9A17-DE33-4733-8D86-BEB89D6A80FA}.Debug|Any CPU.Build.0 = Debug|Any CPU
		{841A9A17-DE33-4733-8D86-BEB89D6A80FA}.Debug|Any CPU.Deploy.0 = Debug|Any CPU
		{841A9A17-DE33-4733-8D86-BEB89D6A80FA}.Debug|ARM.ActiveCfg = Debug|ARM
		{841A9A17-DE33-4733-8D86-BEB89D6A80FA}.Debug|ARM.Build.0 = Debug|ARM
		{841A9A17-DE33-4733-8D86-BEB89D6A80FA}.Debug|ARM.Deploy.0 = Debug|ARM
		{841A9A17-DE33-4733-8D86-BEB89D6A80FA}.Debug|iPhone.ActiveCfg = Debug|Any CPU
		{841A9A17-DE33-4733-8D86-BEB89D6A80FA}.Debug|iPhone.Build.0 = Debug|Any CPU
		{841A9A17-DE33-4733-8D86-BEB89D6A80FA}.Debug|iPhone.Deploy.0 = Debug|Any CPU
		{841A9A17-DE33-4733-8D86-BEB89D6A80FA}.Debug|iPhoneSimulator.ActiveCfg = Debug|Any CPU
		{841A9A17-DE33-4733-8D86-BEB89D6A80FA}.Debug|iPhoneSimulator.Build.0 = Debug|Any CPU
		{841A9A17-DE33-4733-8D86-BEB89D6A80FA}.Debug|iPhoneSimulator.Deploy.0 = Debug|Any CPU
		{841A9A17-DE33-4733-8D86-BEB89D6A80FA}.Debug|x64.ActiveCfg = Debug|x64
		{841A9A17-DE33-4733-8D86-BEB89D6A80FA}.Debug|x64.Build.0 = Debug|x64
		{841A9A17-DE33-4733-8D86-BEB89D6A80FA}.Debug|x64.Deploy.0 = Debug|x64
		{841A9A17-DE33-4733-8D86-BEB89D6A80FA}.Debug|x86.ActiveCfg = Debug|x86
		{841A9A17-DE33-4733-8D86-BEB89D6A80FA}.Debug|x86.Build.0 = Debug|x86
		{841A9A17-DE33-4733-8D86-BEB89D6A80FA}.Debug|x86.Deploy.0 = Debug|x86
		{841A9A17-DE33-4733-8D86-BEB89D6A80FA}.Release|Any CPU.ActiveCfg = Release|Any CPU
		{841A9A17-DE33-4733-8D86-BEB89D6A80FA}.Release|Any CPU.Build.0 = Release|Any CPU
		{841A9A17-DE33-4733-8D86-BEB89D6A80FA}.Release|Any CPU.Deploy.0 = Release|Any CPU
		{841A9A17-DE33-4733-8D86-BEB89D6A80FA}.Release|ARM.ActiveCfg = Release|ARM
		{841A9A17-DE33-4733-8D86-BEB89D6A80FA}.Release|ARM.Build.0 = Release|ARM
		{841A9A17-DE33-4733-8D86-BEB89D6A80FA}.Release|ARM.Deploy.0 = Release|ARM
		{841A9A17-DE33-4733-8D86-BEB89D6A80FA}.Release|iPhone.ActiveCfg = Release|Any CPU
		{841A9A17-DE33-4733-8D86-BEB89D6A80FA}.Release|iPhone.Build.0 = Release|Any CPU
		{841A9A17-DE33-4733-8D86-BEB89D6A80FA}.Release|iPhone.Deploy.0 = Release|Any CPU
		{841A9A17-DE33-4733-8D86-BEB89D6A80FA}.Release|iPhoneSimulator.ActiveCfg = Release|Any CPU
		{841A9A17-DE33-4733-8D86-BEB89D6A80FA}.Release|iPhoneSimulator.Build.0 = Release|Any CPU
		{841A9A17-DE33-4733-8D86-BEB89D6A80FA}.Release|iPhoneSimulator.Deploy.0 = Release|Any CPU
		{841A9A17-DE33-4733-8D86-BEB89D6A80FA}.Release|x64.ActiveCfg = Release|x64
		{841A9A17-DE33-4733-8D86-BEB89D6A80FA}.Release|x64.Build.0 = Release|x64
		{841A9A17-DE33-4733-8D86-BEB89D6A80FA}.Release|x64.Deploy.0 = Release|x64
		{841A9A17-DE33-4733-8D86-BEB89D6A80FA}.Release|x86.ActiveCfg = Release|x86
		{841A9A17-DE33-4733-8D86-BEB89D6A80FA}.Release|x86.Build.0 = Release|x86
		{841A9A17-DE33-4733-8D86-BEB89D6A80FA}.Release|x86.Deploy.0 = Release|x86
		{2B72349D-5428-4F52-A9A9-3115CA3B3A46}.Ad-Hoc|Any CPU.ActiveCfg = Release|Any CPU
		{2B72349D-5428-4F52-A9A9-3115CA3B3A46}.Ad-Hoc|Any CPU.Build.0 = Release|Any CPU
		{2B72349D-5428-4F52-A9A9-3115CA3B3A46}.Ad-Hoc|ARM.ActiveCfg = Release|Any CPU
		{2B72349D-5428-4F52-A9A9-3115CA3B3A46}.Ad-Hoc|ARM.Build.0 = Release|Any CPU
		{2B72349D-5428-4F52-A9A9-3115CA3B3A46}.Ad-Hoc|iPhone.ActiveCfg = Release|Any CPU
		{2B72349D-5428-4F52-A9A9-3115CA3B3A46}.Ad-Hoc|iPhone.Build.0 = Release|Any CPU
		{2B72349D-5428-4F52-A9A9-3115CA3B3A46}.Ad-Hoc|iPhoneSimulator.ActiveCfg = Release|Any CPU
		{2B72349D-5428-4F52-A9A9-3115CA3B3A46}.Ad-Hoc|iPhoneSimulator.Build.0 = Release|Any CPU
		{2B72349D-5428-4F52-A9A9-3115CA3B3A46}.Ad-Hoc|x64.ActiveCfg = Release|Any CPU
		{2B72349D-5428-4F52-A9A9-3115CA3B3A46}.Ad-Hoc|x64.Build.0 = Release|Any CPU
		{2B72349D-5428-4F52-A9A9-3115CA3B3A46}.Ad-Hoc|x86.ActiveCfg = Release|Any CPU
		{2B72349D-5428-4F52-A9A9-3115CA3B3A46}.Ad-Hoc|x86.Build.0 = Release|Any CPU
		{2B72349D-5428-4F52-A9A9-3115CA3B3A46}.AppStore|Any CPU.ActiveCfg = Release|Any CPU
		{2B72349D-5428-4F52-A9A9-3115CA3B3A46}.AppStore|Any CPU.Build.0 = Release|Any CPU
		{2B72349D-5428-4F52-A9A9-3115CA3B3A46}.AppStore|ARM.ActiveCfg = Release|Any CPU
		{2B72349D-5428-4F52-A9A9-3115CA3B3A46}.AppStore|ARM.Build.0 = Release|Any CPU
		{2B72349D-5428-4F52-A9A9-3115CA3B3A46}.AppStore|iPhone.ActiveCfg = Release|Any CPU
		{2B72349D-5428-4F52-A9A9-3115CA3B3A46}.AppStore|iPhone.Build.0 = Release|Any CPU
		{2B72349D-5428-4F52-A9A9-3115CA3B3A46}.AppStore|iPhoneSimulator.ActiveCfg = Release|Any CPU
		{2B72349D-5428-4F52-A9A9-3115CA3B3A46}.AppStore|iPhoneSimulator.Build.0 = Release|Any CPU
		{2B72349D-5428-4F52-A9A9-3115CA3B3A46}.AppStore|x64.ActiveCfg = Release|Any CPU
		{2B72349D-5428-4F52-A9A9-3115CA3B3A46}.AppStore|x64.Build.0 = Release|Any CPU
		{2B72349D-5428-4F52-A9A9-3115CA3B3A46}.AppStore|x86.ActiveCfg = Release|Any CPU
		{2B72349D-5428-4F52-A9A9-3115CA3B3A46}.AppStore|x86.Build.0 = Release|Any CPU
		{2B72349D-5428-4F52-A9A9-3115CA3B3A46}.Debug|Any CPU.ActiveCfg = Debug|Any CPU
		{2B72349D-5428-4F52-A9A9-3115CA3B3A46}.Debug|Any CPU.Build.0 = Debug|Any CPU
		{2B72349D-5428-4F52-A9A9-3115CA3B3A46}.Debug|ARM.ActiveCfg = Debug|Any CPU
		{2B72349D-5428-4F52-A9A9-3115CA3B3A46}.Debug|ARM.Build.0 = Debug|Any CPU
		{2B72349D-5428-4F52-A9A9-3115CA3B3A46}.Debug|iPhone.ActiveCfg = Debug|Any CPU
		{2B72349D-5428-4F52-A9A9-3115CA3B3A46}.Debug|iPhone.Build.0 = Debug|Any CPU
		{2B72349D-5428-4F52-A9A9-3115CA3B3A46}.Debug|iPhoneSimulator.ActiveCfg = Debug|Any CPU
		{2B72349D-5428-4F52-A9A9-3115CA3B3A46}.Debug|iPhoneSimulator.Build.0 = Debug|Any CPU
		{2B72349D-5428-4F52-A9A9-3115CA3B3A46}.Debug|x64.ActiveCfg = Debug|Any CPU
		{2B72349D-5428-4F52-A9A9-3115CA3B3A46}.Debug|x64.Build.0 = Debug|Any CPU
		{2B72349D-5428-4F52-A9A9-3115CA3B3A46}.Debug|x86.ActiveCfg = Debug|Any CPU
		{2B72349D-5428-4F52-A9A9-3115CA3B3A46}.Debug|x86.Build.0 = Debug|Any CPU
		{2B72349D-5428-4F52-A9A9-3115CA3B3A46}.Release|Any CPU.ActiveCfg = Release|Any CPU
		{2B72349D-5428-4F52-A9A9-3115CA3B3A46}.Release|Any CPU.Build.0 = Release|Any CPU
		{2B72349D-5428-4F52-A9A9-3115CA3B3A46}.Release|ARM.ActiveCfg = Release|Any CPU
		{2B72349D-5428-4F52-A9A9-3115CA3B3A46}.Release|ARM.Build.0 = Release|Any CPU
		{2B72349D-5428-4F52-A9A9-3115CA3B3A46}.Release|iPhone.ActiveCfg = Release|Any CPU
		{2B72349D-5428-4F52-A9A9-3115CA3B3A46}.Release|iPhone.Build.0 = Release|Any CPU
		{2B72349D-5428-4F52-A9A9-3115CA3B3A46}.Release|iPhoneSimulator.ActiveCfg = Release|Any CPU
		{2B72349D-5428-4F52-A9A9-3115CA3B3A46}.Release|iPhoneSimulator.Build.0 = Release|Any CPU
		{2B72349D-5428-4F52-A9A9-3115CA3B3A46}.Release|x64.ActiveCfg = Release|Any CPU
		{2B72349D-5428-4F52-A9A9-3115CA3B3A46}.Release|x64.Build.0 = Release|Any CPU
		{2B72349D-5428-4F52-A9A9-3115CA3B3A46}.Release|x86.ActiveCfg = Release|Any CPU
		{2B72349D-5428-4F52-A9A9-3115CA3B3A46}.Release|x86.Build.0 = Release|Any CPU
	EndGlobalSection
	GlobalSection(SolutionProperties) = preSolution
		HideSolutionNode = FALSE
	EndGlobalSection
EndGlobal
